
Microsoft Visual Studio Solution File, Format Version 12.00
# Visual Studio Version 17
VisualStudioVersion = 17.0.32112.339
MinimumVisualStudioVersion = 10.0.40219.1
Project("{9A19103F-16F7-4668-BE54-9A1E7A4F7556}") = "Apotheca.Web.Api", "Apotheca.Web.Api\Apotheca.Web.Api.csproj", "{D36C91F0-D935-4AD9-BD3D-812B8E5EB192}"
EndProject
Project("{9A19103F-16F7-4668-BE54-9A1E7A4F7556}") = "Apotheca.Web.Api.Tests", "Apotheca.Web.Api.Tests\Apotheca.Web.Api.Tests.csproj", "{582FBA50-FABC-428C-9FAF-6223BE39EE5B}"
EndProject
Project("{9A19103F-16F7-4668-BE54-9A1E7A4F7556}") = "Apotheca.Db", "Apotheca.Db\Apotheca.Db.csproj", "{95E13237-DA1B-40F8-9B04-EA7C3DC633D3}"
EndProject
Project("{9A19103F-16F7-4668-BE54-9A1E7A4F7556}") = "Apotheca.Db.Tests", "Apotheca.Db.Tests\Apotheca.Db.Tests.csproj", "{BFB99F3A-BB8C-48DC-9AD5-DD94BE933E20}"
EndProject
Project("{9A19103F-16F7-4668-BE54-9A1E7A4F7556}") = "Apotheca.BLL.Commands", "Apotheca.BLL.Commands\Apotheca.BLL.Commands.csproj", "{64ABADD7-657F-420F-8438-240D9BD5B605}"
EndProject
Project("{9A19103F-16F7-4668-BE54-9A1E7A4F7556}") = "Apotheca.BLL.Commands.Tests", "Apotheca.BLL.Commands.Tests\Apotheca.BLL.Commands.Tests.csproj", "{32150F66-5515-4AF6-9BAB-0B906A907DE2}"
EndProject
Project("{9A19103F-16F7-4668-BE54-9A1E7A4F7556}") = "Apotheca.BLL.Repositories", "Apotheca.BLL.Repositories\Apotheca.BLL.Repositories.csproj", "{407A798C-495D-475A-B49B-E6171E9CF6DB}"
EndProject
Project("{FAE04EC0-301F-11D3-BF4B-00C04F79EFBC}") = "Apotheca.BLL.Repositories.Tests", "Apotheca.BLL.Repositories.Tests\Apotheca.BLL.Repositories.Tests.csproj", "{B492B5F8-C893-43EB-BC4A-60ED823D54A8}"
EndProject
Global
	GlobalSection(SolutionConfigurationPlatforms) = preSolution
		Debug|Any CPU = Debug|Any CPU
		Release|Any CPU = Release|Any CPU
	EndGlobalSection
	GlobalSection(ProjectConfigurationPlatforms) = postSolution
		{D36C91F0-D935-4AD9-BD3D-812B8E5EB192}.Debug|Any CPU.ActiveCfg = Debug|Any CPU
		{D36C91F0-D935-4AD9-BD3D-812B8E5EB192}.Debug|Any CPU.Build.0 = Debug|Any CPU
		{D36C91F0-D935-4AD9-BD3D-812B8E5EB192}.Release|Any CPU.ActiveCfg = Release|Any CPU
		{D36C91F0-D935-4AD9-BD3D-812B8E5EB192}.Release|Any CPU.Build.0 = Release|Any CPU
		{582FBA50-FABC-428C-9FAF-6223BE39EE5B}.Debug|Any CPU.ActiveCfg = Debug|Any CPU
		{582FBA50-FABC-428C-9FAF-6223BE39EE5B}.Debug|Any CPU.Build.0 = Debug|Any CPU
		{582FBA50-FABC-428C-9FAF-6223BE39EE5B}.Release|Any CPU.ActiveCfg = Release|Any CPU
		{582FBA50-FABC-428C-9FAF-6223BE39EE5B}.Release|Any CPU.Build.0 = Release|Any CPU
		{95E13237-DA1B-40F8-9B04-EA7C3DC633D3}.Debug|Any CPU.ActiveCfg = Debug|Any CPU
		{95E13237-DA1B-40F8-9B04-EA7C3DC633D3}.Debug|Any CPU.Build.0 = Debug|Any CPU
		{95E13237-DA1B-40F8-9B04-EA7C3DC633D3}.Release|Any CPU.ActiveCfg = Release|Any CPU
		{95E13237-DA1B-40F8-9B04-EA7C3DC633D3}.Release|Any CPU.Build.0 = Release|Any CPU
		{BFB99F3A-BB8C-48DC-9AD5-DD94BE933E20}.Debug|Any CPU.ActiveCfg = Debug|Any CPU
		{BFB99F3A-BB8C-48DC-9AD5-DD94BE933E20}.Debug|Any CPU.Build.0 = Debug|Any CPU
		{BFB99F3A-BB8C-48DC-9AD5-DD94BE933E20}.Release|Any CPU.ActiveCfg = Release|Any CPU
		{BFB99F3A-BB8C-48DC-9AD5-DD94BE933E20}.Release|Any CPU.Build.0 = Release|Any CPU
		{64ABADD7-657F-420F-8438-240D9BD5B605}.Debug|Any CPU.ActiveCfg = Debug|Any CPU
		{64ABADD7-657F-420F-8438-240D9BD5B605}.Debug|Any CPU.Build.0 = Debug|Any CPU
		{64ABADD7-657F-420F-8438-240D9BD5B605}.Release|Any CPU.ActiveCfg = Release|Any CPU
		{64ABADD7-657F-420F-8438-240D9BD5B605}.Release|Any CPU.Build.0 = Release|Any CPU
		{32150F66-5515-4AF6-9BAB-0B906A907DE2}.Debug|Any CPU.ActiveCfg = Debug|Any CPU
		{32150F66-5515-4AF6-9BAB-0B906A907DE2}.Debug|Any CPU.Build.0 = Debug|Any CPU
		{32150F66-5515-4AF6-9BAB-0B906A907DE2}.Release|Any CPU.ActiveCfg = Release|Any CPU
		{32150F66-5515-4AF6-9BAB-0B906A907DE2}.Release|Any CPU.Build.0 = Release|Any CPU
		{407A798C-495D-475A-B49B-E6171E9CF6DB}.Debug|Any CPU.ActiveCfg = Debug|Any CPU
		{407A798C-495D-475A-B49B-E6171E9CF6DB}.Debug|Any CPU.Build.0 = Debug|Any CPU
		{407A798C-495D-475A-B49B-E6171E9CF6DB}.Release|Any CPU.ActiveCfg = Release|Any CPU
		{407A798C-495D-475A-B49B-E6171E9CF6DB}.Release|Any CPU.Build.0 = Release|Any CPU
		{B492B5F8-C893-43EB-BC4A-60ED823D54A8}.Debug|Any CPU.ActiveCfg = Debug|Any CPU
		{B492B5F8-C893-43EB-BC4A-60ED823D54A8}.Debug|Any CPU.Build.0 = Debug|Any CPU
		{B492B5F8-C893-43EB-BC4A-60ED823D54A8}.Release|Any CPU.ActiveCfg = Release|Any CPU
		{B492B5F8-C893-43EB-BC4A-60ED823D54A8}.Release|Any CPU.Build.0 = Release|Any CPU
	EndGlobalSection
	GlobalSection(SolutionProperties) = preSolution
		HideSolutionNode = FALSE
	EndGlobalSection
	GlobalSection(ExtensibilityGlobals) = postSolution
		SolutionGuid = {522FD164-3DB2-47D8-ACF2-0DC86DB1E70C}
	EndGlobalSection
EndGlobal
