
Microsoft Visual Studio Solution File, Format Version 12.00
# Visual Studio Version 17
VisualStudioVersion = 17.0.32112.339
MinimumVisualStudioVersion = 10.0.40219.1
Project("{9A19103F-16F7-4668-BE54-9A1E7A4F7556}") = "Apotheca.Web.Api", "Apotheca.Web.Api\Apotheca.Web.Api.csproj", "{D36C91F0-D935-4AD9-BD3D-812B8E5EB192}"
EndProject
Project("{9A19103F-16F7-4668-BE54-9A1E7A4F7556}") = "Apotheca.Web.Api.Tests", "Apotheca.Web.Api.Tests\Apotheca.Web.Api.Tests.csproj", "{582FBA50-FABC-428C-9FAF-6223BE39EE5B}"
EndProject
Project("{9A19103F-16F7-4668-BE54-9A1E7A4F7556}") = "Apotheca.Db", "Apotheca.Db\Apotheca.Db.csproj", "{95E13237-DA1B-40F8-9B04-EA7C3DC633D3}"
EndProject
Project("{9A19103F-16F7-4668-BE54-9A1E7A4F7556}") = "Apotheca.Db.Tests", "Apotheca.Db.Tests\Apotheca.Db.Tests.csproj", "{BFB99F3A-BB8C-48DC-9AD5-DD94BE933E20}"
EndProject
Project("{FAE04EC0-301F-11D3-BF4B-00C04F79EFBC}") = "Apotheca.Repository", "Apotheca.Repository\Apotheca.Repository.csproj", "{C6AD56E4-9E8D-40D2-A72F-DFC81CE8D3F9}"
EndProject
Project("{FAE04EC0-301F-11D3-BF4B-00C04F79EFBC}") = "Apotheca.Command", "Apotheca.Command\Apotheca.Command.csproj", "{D681DCAB-3D6C-494C-84A5-CBEA8F6A63CC}"
EndProject
Global
	GlobalSection(SolutionConfigurationPlatforms) = preSolution
		Debug|Any CPU = Debug|Any CPU
		Release|Any CPU = Release|Any CPU
	EndGlobalSection
	GlobalSection(ProjectConfigurationPlatforms) = postSolution
		{D36C91F0-D935-4AD9-BD3D-812B8E5EB192}.Debug|Any CPU.ActiveCfg = Debug|Any CPU
		{D36C91F0-D935-4AD9-BD3D-812B8E5EB192}.Debug|Any CPU.Build.0 = Debug|Any CPU
		{D36C91F0-D935-4AD9-BD3D-812B8E5EB192}.Release|Any CPU.ActiveCfg = Release|Any CPU
		{D36C91F0-D935-4AD9-BD3D-812B8E5EB192}.Release|Any CPU.Build.0 = Release|Any CPU
		{582FBA50-FABC-428C-9FAF-6223BE39EE5B}.Debug|Any CPU.ActiveCfg = Debug|Any CPU
		{582FBA50-FABC-428C-9FAF-6223BE39EE5B}.Debug|Any CPU.Build.0 = Debug|Any CPU
		{582FBA50-FABC-428C-9FAF-6223BE39EE5B}.Release|Any CPU.ActiveCfg = Release|Any CPU
		{582FBA50-FABC-428C-9FAF-6223BE39EE5B}.Release|Any CPU.Build.0 = Release|Any CPU
		{95E13237-DA1B-40F8-9B04-EA7C3DC633D3}.Debug|Any CPU.ActiveCfg = Debug|Any CPU
		{95E13237-DA1B-40F8-9B04-EA7C3DC633D3}.Debug|Any CPU.Build.0 = Debug|Any CPU
		{95E13237-DA1B-40F8-9B04-EA7C3DC633D3}.Release|Any CPU.ActiveCfg = Release|Any CPU
		{95E13237-DA1B-40F8-9B04-EA7C3DC633D3}.Release|Any CPU.Build.0 = Release|Any CPU
		{BFB99F3A-BB8C-48DC-9AD5-DD94BE933E20}.Debug|Any CPU.ActiveCfg = Debug|Any CPU
		{BFB99F3A-BB8C-48DC-9AD5-DD94BE933E20}.Debug|Any CPU.Build.0 = Debug|Any CPU
		{BFB99F3A-BB8C-48DC-9AD5-DD94BE933E20}.Release|Any CPU.ActiveCfg = Release|Any CPU
		{BFB99F3A-BB8C-48DC-9AD5-DD94BE933E20}.Release|Any CPU.Build.0 = Release|Any CPU
		{C6AD56E4-9E8D-40D2-A72F-DFC81CE8D3F9}.Debug|Any CPU.ActiveCfg = Debug|Any CPU
		{C6AD56E4-9E8D-40D2-A72F-DFC81CE8D3F9}.Debug|Any CPU.Build.0 = Debug|Any CPU
		{C6AD56E4-9E8D-40D2-A72F-DFC81CE8D3F9}.Release|Any CPU.ActiveCfg = Release|Any CPU
		{C6AD56E4-9E8D-40D2-A72F-DFC81CE8D3F9}.Release|Any CPU.Build.0 = Release|Any CPU
		{D681DCAB-3D6C-494C-84A5-CBEA8F6A63CC}.Debug|Any CPU.ActiveCfg = Debug|Any CPU
		{D681DCAB-3D6C-494C-84A5-CBEA8F6A63CC}.Debug|Any CPU.Build.0 = Debug|Any CPU
		{D681DCAB-3D6C-494C-84A5-CBEA8F6A63CC}.Release|Any CPU.ActiveCfg = Release|Any CPU
		{D681DCAB-3D6C-494C-84A5-CBEA8F6A63CC}.Release|Any CPU.Build.0 = Release|Any CPU
	EndGlobalSection
	GlobalSection(SolutionProperties) = preSolution
		HideSolutionNode = FALSE
	EndGlobalSection
	GlobalSection(ExtensibilityGlobals) = postSolution
		SolutionGuid = {522FD164-3DB2-47D8-ACF2-0DC86DB1E70C}
	EndGlobalSection
EndGlobal
