
Microsoft Visual Studio Solution File, Format Version 12.00
# Visual Studio 15
VisualStudioVersion = 15.0.28307.329
MinimumVisualStudioVersion = 10.0.40219.1
Project("{9A19103F-16F7-4668-BE54-9A1E7A4F7556}") = "Apotheca.Web.API", "Apotheca.Web.API\Apotheca.Web.API.csproj", "{CEF3E7F4-A674-427C-B417-02B47FF36EB5}"
EndProject
Project("{9A19103F-16F7-4668-BE54-9A1E7A4F7556}") = "Apotheca.BLL", "Apotheca.BLL\Apotheca.BLL.csproj", "{536DE868-1565-49A7-8DFF-4D10BAD1BADE}"
EndProject
Project("{9A19103F-16F7-4668-BE54-9A1E7A4F7556}") = "Test.Apotheca.Web.API", "Test.Apotheca.Web.API\Test.Apotheca.Web.API.csproj", "{FFD6E2A2-297A-4266-906E-A3E3D5ACF504}"
EndProject
Project("{FAE04EC0-301F-11D3-BF4B-00C04F79EFBC}") = "Test.Apotheca.BLL", "Test.Apotheca.BLL\Test.Apotheca.BLL.csproj", "{3F62C4E2-DBE7-4349-942B-59F844ABF2BE}"
EndProject
Global
	GlobalSection(SolutionConfigurationPlatforms) = preSolution
		Debug|Any CPU = Debug|Any CPU
		Release|Any CPU = Release|Any CPU
	EndGlobalSection
	GlobalSection(ProjectConfigurationPlatforms) = postSolution
		{CEF3E7F4-A674-427C-B417-02B47FF36EB5}.Debug|Any CPU.ActiveCfg = Debug|Any CPU
		{CEF3E7F4-A674-427C-B417-02B47FF36EB5}.Debug|Any CPU.Build.0 = Debug|Any CPU
		{CEF3E7F4-A674-427C-B417-02B47FF36EB5}.Release|Any CPU.ActiveCfg = Release|Any CPU
		{CEF3E7F4-A674-427C-B417-02B47FF36EB5}.Release|Any CPU.Build.0 = Release|Any CPU
		{536DE868-1565-49A7-8DFF-4D10BAD1BADE}.Debug|Any CPU.ActiveCfg = Debug|Any CPU
		{536DE868-1565-49A7-8DFF-4D10BAD1BADE}.Debug|Any CPU.Build.0 = Debug|Any CPU
		{536DE868-1565-49A7-8DFF-4D10BAD1BADE}.Release|Any CPU.ActiveCfg = Release|Any CPU
		{536DE868-1565-49A7-8DFF-4D10BAD1BADE}.Release|Any CPU.Build.0 = Release|Any CPU
		{FFD6E2A2-297A-4266-906E-A3E3D5ACF504}.Debug|Any CPU.ActiveCfg = Debug|Any CPU
		{FFD6E2A2-297A-4266-906E-A3E3D5ACF504}.Debug|Any CPU.Build.0 = Debug|Any CPU
		{FFD6E2A2-297A-4266-906E-A3E3D5ACF504}.Release|Any CPU.ActiveCfg = Release|Any CPU
		{FFD6E2A2-297A-4266-906E-A3E3D5ACF504}.Release|Any CPU.Build.0 = Release|Any CPU
		{3F62C4E2-DBE7-4349-942B-59F844ABF2BE}.Debug|Any CPU.ActiveCfg = Debug|Any CPU
		{3F62C4E2-DBE7-4349-942B-59F844ABF2BE}.Debug|Any CPU.Build.0 = Debug|Any CPU
		{3F62C4E2-DBE7-4349-942B-59F844ABF2BE}.Release|Any CPU.ActiveCfg = Release|Any CPU
		{3F62C4E2-DBE7-4349-942B-59F844ABF2BE}.Release|Any CPU.Build.0 = Release|Any CPU
	EndGlobalSection
	GlobalSection(SolutionProperties) = preSolution
		HideSolutionNode = FALSE
	EndGlobalSection
	GlobalSection(ExtensibilityGlobals) = postSolution
		SolutionGuid = {BAB1C42F-0875-4489-943C-5AE031BB08A5}
	EndGlobalSection
EndGlobal
