
Microsoft Visual Studio Solution File, Format Version 12.00
# Visual Studio 2012
Project("{FAE04EC0-301F-11D3-BF4B-00C04F79EFBC}") = "Apotheca", "Apotheca\Apotheca.csproj", "{48DA20E9-B81B-48E5-9BCC-422ED5D3F2D7}"
EndProject
Project("{FAE04EC0-301F-11D3-BF4B-00C04F79EFBC}") = "Apotheca.BLL", "Apotheca.BLL\Apotheca.BLL.csproj", "{71496E8D-984D-4BE0-A366-05F7D14EF99C}"
EndProject
Project("{2150E333-8FDC-42A3-9474-1A3956D46DE8}") = "Solution Items", "Solution Items", "{389C3C69-998B-49DC-B497-5ED8F4AA8B84}"
EndProject
Project("{FAE04EC0-301F-11D3-BF4B-00C04F79EFBC}") = "Test.Apotheca", "Test.Apotheca\Test.Apotheca.csproj", "{5092977A-EEE2-4A85-9AF6-D5AAD422E078}"
EndProject
Project("{FAE04EC0-301F-11D3-BF4B-00C04F79EFBC}") = "Test.Apotheca.BLL", "Test.Apotheca.BLL\Test.Apotheca.BLL.csproj", "{DE538FF2-81C5-4EBE-8D03-2EE1895F0B19}"
EndProject
Global
	GlobalSection(SolutionConfigurationPlatforms) = preSolution
		Debug|Any CPU = Debug|Any CPU
		Release|Any CPU = Release|Any CPU
	EndGlobalSection
	GlobalSection(ProjectConfigurationPlatforms) = postSolution
		{48DA20E9-B81B-48E5-9BCC-422ED5D3F2D7}.Debug|Any CPU.ActiveCfg = Debug|Any CPU
		{48DA20E9-B81B-48E5-9BCC-422ED5D3F2D7}.Debug|Any CPU.Build.0 = Debug|Any CPU
		{48DA20E9-B81B-48E5-9BCC-422ED5D3F2D7}.Release|Any CPU.ActiveCfg = Release|Any CPU
		{48DA20E9-B81B-48E5-9BCC-422ED5D3F2D7}.Release|Any CPU.Build.0 = Release|Any CPU
		{71496E8D-984D-4BE0-A366-05F7D14EF99C}.Debug|Any CPU.ActiveCfg = Debug|Any CPU
		{71496E8D-984D-4BE0-A366-05F7D14EF99C}.Debug|Any CPU.Build.0 = Debug|Any CPU
		{71496E8D-984D-4BE0-A366-05F7D14EF99C}.Release|Any CPU.ActiveCfg = Release|Any CPU
		{71496E8D-984D-4BE0-A366-05F7D14EF99C}.Release|Any CPU.Build.0 = Release|Any CPU
		{5092977A-EEE2-4A85-9AF6-D5AAD422E078}.Debug|Any CPU.ActiveCfg = Debug|Any CPU
		{5092977A-EEE2-4A85-9AF6-D5AAD422E078}.Debug|Any CPU.Build.0 = Debug|Any CPU
		{5092977A-EEE2-4A85-9AF6-D5AAD422E078}.Release|Any CPU.ActiveCfg = Release|Any CPU
		{5092977A-EEE2-4A85-9AF6-D5AAD422E078}.Release|Any CPU.Build.0 = Release|Any CPU
		{DE538FF2-81C5-4EBE-8D03-2EE1895F0B19}.Debug|Any CPU.ActiveCfg = Debug|Any CPU
		{DE538FF2-81C5-4EBE-8D03-2EE1895F0B19}.Debug|Any CPU.Build.0 = Debug|Any CPU
		{DE538FF2-81C5-4EBE-8D03-2EE1895F0B19}.Release|Any CPU.ActiveCfg = Release|Any CPU
		{DE538FF2-81C5-4EBE-8D03-2EE1895F0B19}.Release|Any CPU.Build.0 = Release|Any CPU
	EndGlobalSection
	GlobalSection(SolutionProperties) = preSolution
		HideSolutionNode = FALSE
	EndGlobalSection
EndGlobal
